
Microsoft Visual Studio Solution File, Format Version 12.00
# Visual Studio Version 16
VisualStudioVersion = 16.0.30413.136
MinimumVisualStudioVersion = 10.0.40219.1
Project("{FAE04EC0-301F-11D3-BF4B-00C04F79EFBC}") = "UwpSearchBarTest.UWP", "UwpSearchBarTest\UwpSearchBarTest.UWP\UwpSearchBarTest.UWP.csproj", "{BB9615A4-DE74-4E5C-A5D4-BE25F3BAC869}"
EndProject
Project("{FAE04EC0-301F-11D3-BF4B-00C04F79EFBC}") = "UwpSearchBarTest.Android", "UwpSearchBarTest\UwpSearchBarTest.Android\UwpSearchBarTest.Android.csproj", "{61943580-21B5-49F5-8596-45680018A636}"
EndProject
Project("{FAE04EC0-301F-11D3-BF4B-00C04F79EFBC}") = "UwpSearchBarTest.iOS", "UwpSearchBarTest\UwpSearchBarTest.iOS\UwpSearchBarTest.iOS.csproj", "{191676F4-EE16-4072-A869-DAA23CD79DBA}"
EndProject
Project("{FAE04EC0-301F-11D3-BF4B-00C04F79EFBC}") = "UwpSearchBarTest", "UwpSearchBarTest\UwpSearchBarTest\UwpSearchBarTest.csproj", "{763969C5-0758-45E1-B3F0-F203316FB561}"
EndProject
Global
	GlobalSection(SolutionConfigurationPlatforms) = preSolution
		Debug|Any CPU = Debug|Any CPU
		Debug|ARM = Debug|ARM
		Debug|iPhone = Debug|iPhone
		Debug|iPhoneSimulator = Debug|iPhoneSimulator
		Debug|x64 = Debug|x64
		Debug|x86 = Debug|x86
		Release|Any CPU = Release|Any CPU
		Release|ARM = Release|ARM
		Release|iPhone = Release|iPhone
		Release|iPhoneSimulator = Release|iPhoneSimulator
		Release|x64 = Release|x64
		Release|x86 = Release|x86
	EndGlobalSection
	GlobalSection(ProjectConfigurationPlatforms) = postSolution
		{BB9615A4-DE74-4E5C-A5D4-BE25F3BAC869}.Debug|Any CPU.ActiveCfg = Debug|x86
		{BB9615A4-DE74-4E5C-A5D4-BE25F3BAC869}.Debug|Any CPU.Build.0 = Debug|x86
		{BB9615A4-DE74-4E5C-A5D4-BE25F3BAC869}.Debug|Any CPU.Deploy.0 = Debug|x86
		{BB9615A4-DE74-4E5C-A5D4-BE25F3BAC869}.Debug|ARM.ActiveCfg = Debug|ARM
		{BB9615A4-DE74-4E5C-A5D4-BE25F3BAC869}.Debug|ARM.Build.0 = Debug|ARM
		{BB9615A4-DE74-4E5C-A5D4-BE25F3BAC869}.Debug|ARM.Deploy.0 = Debug|ARM
		{BB9615A4-DE74-4E5C-A5D4-BE25F3BAC869}.Debug|iPhone.ActiveCfg = Debug|x86
		{BB9615A4-DE74-4E5C-A5D4-BE25F3BAC869}.Debug|iPhone.Build.0 = Debug|x86
		{BB9615A4-DE74-4E5C-A5D4-BE25F3BAC869}.Debug|iPhone.Deploy.0 = Debug|x86
		{BB9615A4-DE74-4E5C-A5D4-BE25F3BAC869}.Debug|iPhoneSimulator.ActiveCfg = Debug|x86
		{BB9615A4-DE74-4E5C-A5D4-BE25F3BAC869}.Debug|iPhoneSimulator.Build.0 = Debug|x86
		{BB9615A4-DE74-4E5C-A5D4-BE25F3BAC869}.Debug|iPhoneSimulator.Deploy.0 = Debug|x86
		{BB9615A4-DE74-4E5C-A5D4-BE25F3BAC869}.Debug|x64.ActiveCfg = Debug|x64
		{BB9615A4-DE74-4E5C-A5D4-BE25F3BAC869}.Debug|x64.Build.0 = Debug|x64
		{BB9615A4-DE74-4E5C-A5D4-BE25F3BAC869}.Debug|x64.Deploy.0 = Debug|x64
		{BB9615A4-DE74-4E5C-A5D4-BE25F3BAC869}.Debug|x86.ActiveCfg = Debug|x86
		{BB9615A4-DE74-4E5C-A5D4-BE25F3BAC869}.Debug|x86.Build.0 = Debug|x86
		{BB9615A4-DE74-4E5C-A5D4-BE25F3BAC869}.Debug|x86.Deploy.0 = Debug|x86
		{BB9615A4-DE74-4E5C-A5D4-BE25F3BAC869}.Release|Any CPU.ActiveCfg = Release|x86
		{BB9615A4-DE74-4E5C-A5D4-BE25F3BAC869}.Release|Any CPU.Build.0 = Release|x86
		{BB9615A4-DE74-4E5C-A5D4-BE25F3BAC869}.Release|Any CPU.Deploy.0 = Release|x86
		{BB9615A4-DE74-4E5C-A5D4-BE25F3BAC869}.Release|ARM.ActiveCfg = Release|ARM
		{BB9615A4-DE74-4E5C-A5D4-BE25F3BAC869}.Release|ARM.Build.0 = Release|ARM
		{BB9615A4-DE74-4E5C-A5D4-BE25F3BAC869}.Release|ARM.Deploy.0 = Release|ARM
		{BB9615A4-DE74-4E5C-A5D4-BE25F3BAC869}.Release|iPhone.ActiveCfg = Release|x86
		{BB9615A4-DE74-4E5C-A5D4-BE25F3BAC869}.Release|iPhone.Build.0 = Release|x86
		{BB9615A4-DE74-4E5C-A5D4-BE25F3BAC869}.Release|iPhone.Deploy.0 = Release|x86
		{BB9615A4-DE74-4E5C-A5D4-BE25F3BAC869}.Release|iPhoneSimulator.ActiveCfg = Release|x86
		{BB9615A4-DE74-4E5C-A5D4-BE25F3BAC869}.Release|iPhoneSimulator.Build.0 = Release|x86
		{BB9615A4-DE74-4E5C-A5D4-BE25F3BAC869}.Release|iPhoneSimulator.Deploy.0 = Release|x86
		{BB9615A4-DE74-4E5C-A5D4-BE25F3BAC869}.Release|x64.ActiveCfg = Release|x64
		{BB9615A4-DE74-4E5C-A5D4-BE25F3BAC869}.Release|x64.Build.0 = Release|x64
		{BB9615A4-DE74-4E5C-A5D4-BE25F3BAC869}.Release|x64.Deploy.0 = Release|x64
		{BB9615A4-DE74-4E5C-A5D4-BE25F3BAC869}.Release|x86.ActiveCfg = Release|x86
		{BB9615A4-DE74-4E5C-A5D4-BE25F3BAC869}.Release|x86.Build.0 = Release|x86
		{BB9615A4-DE74-4E5C-A5D4-BE25F3BAC869}.Release|x86.Deploy.0 = Release|x86
		{61943580-21B5-49F5-8596-45680018A636}.Debug|Any CPU.ActiveCfg = Debug|Any CPU
		{61943580-21B5-49F5-8596-45680018A636}.Debug|Any CPU.Build.0 = Debug|Any CPU
		{61943580-21B5-49F5-8596-45680018A636}.Debug|Any CPU.Deploy.0 = Debug|Any CPU
		{61943580-21B5-49F5-8596-45680018A636}.Debug|ARM.ActiveCfg = Debug|Any CPU
		{61943580-21B5-49F5-8596-45680018A636}.Debug|ARM.Build.0 = Debug|Any CPU
		{61943580-21B5-49F5-8596-45680018A636}.Debug|ARM.Deploy.0 = Debug|Any CPU
		{61943580-21B5-49F5-8596-45680018A636}.Debug|iPhone.ActiveCfg = Debug|Any CPU
		{61943580-21B5-49F5-8596-45680018A636}.Debug|iPhone.Build.0 = Debug|Any CPU
		{61943580-21B5-49F5-8596-45680018A636}.Debug|iPhone.Deploy.0 = Debug|Any CPU
		{61943580-21B5-49F5-8596-45680018A636}.Debug|iPhoneSimulator.ActiveCfg = Debug|Any CPU
		{61943580-21B5-49F5-8596-45680018A636}.Debug|iPhoneSimulator.Build.0 = Debug|Any CPU
		{61943580-21B5-49F5-8596-45680018A636}.Debug|iPhoneSimulator.Deploy.0 = Debug|Any CPU
		{61943580-21B5-49F5-8596-45680018A636}.Debug|x64.ActiveCfg = Debug|Any CPU
		{61943580-21B5-49F5-8596-45680018A636}.Debug|x64.Build.0 = Debug|Any CPU
		{61943580-21B5-49F5-8596-45680018A636}.Debug|x64.Deploy.0 = Debug|Any CPU
		{61943580-21B5-49F5-8596-45680018A636}.Debug|x86.ActiveCfg = Debug|Any CPU
		{61943580-21B5-49F5-8596-45680018A636}.Debug|x86.Build.0 = Debug|Any CPU
		{61943580-21B5-49F5-8596-45680018A636}.Debug|x86.Deploy.0 = Debug|Any CPU
		{61943580-21B5-49F5-8596-45680018A636}.Release|Any CPU.ActiveCfg = Release|Any CPU
		{61943580-21B5-49F5-8596-45680018A636}.Release|Any CPU.Build.0 = Release|Any CPU
		{61943580-21B5-49F5-8596-45680018A636}.Release|Any CPU.Deploy.0 = Release|Any CPU
		{61943580-21B5-49F5-8596-45680018A636}.Release|ARM.ActiveCfg = Release|Any CPU
		{61943580-21B5-49F5-8596-45680018A636}.Release|ARM.Build.0 = Release|Any CPU
		{61943580-21B5-49F5-8596-45680018A636}.Release|ARM.Deploy.0 = Release|Any CPU
		{61943580-21B5-49F5-8596-45680018A636}.Release|iPhone.ActiveCfg = Release|Any CPU
		{61943580-21B5-49F5-8596-45680018A636}.Release|iPhone.Build.0 = Release|Any CPU
		{61943580-21B5-49F5-8596-45680018A636}.Release|iPhone.Deploy.0 = Release|Any CPU
		{61943580-21B5-49F5-8596-45680018A636}.Release|iPhoneSimulator.ActiveCfg = Release|Any CPU
		{61943580-21B5-49F5-8596-45680018A636}.Release|iPhoneSimulator.Build.0 = Release|Any CPU
		{61943580-21B5-49F5-8596-45680018A636}.Release|iPhoneSimulator.Deploy.0 = Release|Any CPU
		{61943580-21B5-49F5-8596-45680018A636}.Release|x64.ActiveCfg = Release|Any CPU
		{61943580-21B5-49F5-8596-45680018A636}.Release|x64.Build.0 = Release|Any CPU
		{61943580-21B5-49F5-8596-45680018A636}.Release|x64.Deploy.0 = Release|Any CPU
		{61943580-21B5-49F5-8596-45680018A636}.Release|x86.ActiveCfg = Release|Any CPU
		{61943580-21B5-49F5-8596-45680018A636}.Release|x86.Build.0 = Release|Any CPU
		{61943580-21B5-49F5-8596-45680018A636}.Release|x86.Deploy.0 = Release|Any CPU
		{191676F4-EE16-4072-A869-DAA23CD79DBA}.Debug|Any CPU.ActiveCfg = Debug|iPhone
		{191676F4-EE16-4072-A869-DAA23CD79DBA}.Debug|Any CPU.Build.0 = Debug|iPhone
		{191676F4-EE16-4072-A869-DAA23CD79DBA}.Debug|Any CPU.Deploy.0 = Debug|iPhone
		{191676F4-EE16-4072-A869-DAA23CD79DBA}.Debug|ARM.ActiveCfg = Debug|iPhone
		{191676F4-EE16-4072-A869-DAA23CD79DBA}.Debug|ARM.Build.0 = Debug|iPhone
		{191676F4-EE16-4072-A869-DAA23CD79DBA}.Debug|ARM.Deploy.0 = Debug|iPhone
		{191676F4-EE16-4072-A869-DAA23CD79DBA}.Debug|iPhone.ActiveCfg = Debug|iPhone
		{191676F4-EE16-4072-A869-DAA23CD79DBA}.Debug|iPhone.Build.0 = Debug|iPhone
		{191676F4-EE16-4072-A869-DAA23CD79DBA}.Debug|iPhone.Deploy.0 = Debug|iPhone
		{191676F4-EE16-4072-A869-DAA23CD79DBA}.Debug|iPhoneSimulator.ActiveCfg = Debug|iPhoneSimulator
		{191676F4-EE16-4072-A869-DAA23CD79DBA}.Debug|iPhoneSimulator.Build.0 = Debug|iPhoneSimulator
		{191676F4-EE16-4072-A869-DAA23CD79DBA}.Debug|iPhoneSimulator.Deploy.0 = Debug|iPhoneSimulator
		{191676F4-EE16-4072-A869-DAA23CD79DBA}.Debug|x64.ActiveCfg = Debug|iPhone
		{191676F4-EE16-4072-A869-DAA23CD79DBA}.Debug|x64.Build.0 = Debug|iPhone
		{191676F4-EE16-4072-A869-DAA23CD79DBA}.Debug|x64.Deploy.0 = Debug|iPhone
		{191676F4-EE16-4072-A869-DAA23CD79DBA}.Debug|x86.ActiveCfg = Debug|iPhone
		{191676F4-EE16-4072-A869-DAA23CD79DBA}.Debug|x86.Build.0 = Debug|iPhone
		{191676F4-EE16-4072-A869-DAA23CD79DBA}.Debug|x86.Deploy.0 = Debug|iPhone
		{191676F4-EE16-4072-A869-DAA23CD79DBA}.Release|Any CPU.ActiveCfg = Release|iPhone
		{191676F4-EE16-4072-A869-DAA23CD79DBA}.Release|Any CPU.Build.0 = Release|iPhone
		{191676F4-EE16-4072-A869-DAA23CD79DBA}.Release|Any CPU.Deploy.0 = Release|iPhone
		{191676F4-EE16-4072-A869-DAA23CD79DBA}.Release|ARM.ActiveCfg = Release|iPhone
		{191676F4-EE16-4072-A869-DAA23CD79DBA}.Release|ARM.Build.0 = Release|iPhone
		{191676F4-EE16-4072-A869-DAA23CD79DBA}.Release|ARM.Deploy.0 = Release|iPhone
		{191676F4-EE16-4072-A869-DAA23CD79DBA}.Release|iPhone.ActiveCfg = Release|iPhone
		{191676F4-EE16-4072-A869-DAA23CD79DBA}.Release|iPhone.Build.0 = Release|iPhone
		{191676F4-EE16-4072-A869-DAA23CD79DBA}.Release|iPhone.Deploy.0 = Release|iPhone
		{191676F4-EE16-4072-A869-DAA23CD79DBA}.Release|iPhoneSimulator.ActiveCfg = Release|iPhoneSimulator
		{191676F4-EE16-4072-A869-DAA23CD79DBA}.Release|iPhoneSimulator.Build.0 = Release|iPhoneSimulator
		{191676F4-EE16-4072-A869-DAA23CD79DBA}.Release|iPhoneSimulator.Deploy.0 = Release|iPhoneSimulator
		{191676F4-EE16-4072-A869-DAA23CD79DBA}.Release|x64.ActiveCfg = Release|iPhone
		{191676F4-EE16-4072-A869-DAA23CD79DBA}.Release|x64.Build.0 = Release|iPhone
		{191676F4-EE16-4072-A869-DAA23CD79DBA}.Release|x64.Deploy.0 = Release|iPhone
		{191676F4-EE16-4072-A869-DAA23CD79DBA}.Release|x86.ActiveCfg = Release|iPhone
		{191676F4-EE16-4072-A869-DAA23CD79DBA}.Release|x86.Build.0 = Release|iPhone
		{191676F4-EE16-4072-A869-DAA23CD79DBA}.Release|x86.Deploy.0 = Release|iPhone
		{763969C5-0758-45E1-B3F0-F203316FB561}.Debug|Any CPU.ActiveCfg = Debug|Any CPU
		{763969C5-0758-45E1-B3F0-F203316FB561}.Debug|Any CPU.Build.0 = Debug|Any CPU
		{763969C5-0758-45E1-B3F0-F203316FB561}.Debug|Any CPU.Deploy.0 = Debug|Any CPU
		{763969C5-0758-45E1-B3F0-F203316FB561}.Debug|ARM.ActiveCfg = Debug|Any CPU
		{763969C5-0758-45E1-B3F0-F203316FB561}.Debug|ARM.Build.0 = Debug|Any CPU
		{763969C5-0758-45E1-B3F0-F203316FB561}.Debug|ARM.Deploy.0 = Debug|Any CPU
		{763969C5-0758-45E1-B3F0-F203316FB561}.Debug|iPhone.ActiveCfg = Debug|Any CPU
		{763969C5-0758-45E1-B3F0-F203316FB561}.Debug|iPhone.Build.0 = Debug|Any CPU
		{763969C5-0758-45E1-B3F0-F203316FB561}.Debug|iPhone.Deploy.0 = Debug|Any CPU
		{763969C5-0758-45E1-B3F0-F203316FB561}.Debug|iPhoneSimulator.ActiveCfg = Debug|Any CPU
		{763969C5-0758-45E1-B3F0-F203316FB561}.Debug|iPhoneSimulator.Build.0 = Debug|Any CPU
		{763969C5-0758-45E1-B3F0-F203316FB561}.Debug|iPhoneSimulator.Deploy.0 = Debug|Any CPU
		{763969C5-0758-45E1-B3F0-F203316FB561}.Debug|x64.ActiveCfg = Debug|Any CPU
		{763969C5-0758-45E1-B3F0-F203316FB561}.Debug|x64.Build.0 = Debug|Any CPU
		{763969C5-0758-45E1-B3F0-F203316FB561}.Debug|x64.Deploy.0 = Debug|Any CPU
		{763969C5-0758-45E1-B3F0-F203316FB561}.Debug|x86.ActiveCfg = Debug|Any CPU
		{763969C5-0758-45E1-B3F0-F203316FB561}.Debug|x86.Build.0 = Debug|Any CPU
		{763969C5-0758-45E1-B3F0-F203316FB561}.Debug|x86.Deploy.0 = Debug|Any CPU
		{763969C5-0758-45E1-B3F0-F203316FB561}.Release|Any CPU.ActiveCfg = Release|Any CPU
		{763969C5-0758-45E1-B3F0-F203316FB561}.Release|Any CPU.Build.0 = Release|Any CPU
		{763969C5-0758-45E1-B3F0-F203316FB561}.Release|Any CPU.Deploy.0 = Release|Any CPU
		{763969C5-0758-45E1-B3F0-F203316FB561}.Release|ARM.ActiveCfg = Release|Any CPU
		{763969C5-0758-45E1-B3F0-F203316FB561}.Release|ARM.Build.0 = Release|Any CPU
		{763969C5-0758-45E1-B3F0-F203316FB561}.Release|ARM.Deploy.0 = Release|Any CPU
		{763969C5-0758-45E1-B3F0-F203316FB561}.Release|iPhone.ActiveCfg = Release|Any CPU
		{763969C5-0758-45E1-B3F0-F203316FB561}.Release|iPhone.Build.0 = Release|Any CPU
		{763969C5-0758-45E1-B3F0-F203316FB561}.Release|iPhone.Deploy.0 = Release|Any CPU
		{763969C5-0758-45E1-B3F0-F203316FB561}.Release|iPhoneSimulator.ActiveCfg = Release|Any CPU
		{763969C5-0758-45E1-B3F0-F203316FB561}.Release|iPhoneSimulator.Build.0 = Release|Any CPU
		{763969C5-0758-45E1-B3F0-F203316FB561}.Release|iPhoneSimulator.Deploy.0 = Release|Any CPU
		{763969C5-0758-45E1-B3F0-F203316FB561}.Release|x64.ActiveCfg = Release|Any CPU
		{763969C5-0758-45E1-B3F0-F203316FB561}.Release|x64.Build.0 = Release|Any CPU
		{763969C5-0758-45E1-B3F0-F203316FB561}.Release|x64.Deploy.0 = Release|Any CPU
		{763969C5-0758-45E1-B3F0-F203316FB561}.Release|x86.ActiveCfg = Release|Any CPU
		{763969C5-0758-45E1-B3F0-F203316FB561}.Release|x86.Build.0 = Release|Any CPU
		{763969C5-0758-45E1-B3F0-F203316FB561}.Release|x86.Deploy.0 = Release|Any CPU
	EndGlobalSection
	GlobalSection(SolutionProperties) = preSolution
		HideSolutionNode = FALSE
	EndGlobalSection
	GlobalSection(ExtensibilityGlobals) = postSolution
		SolutionGuid = {FF0F9327-16BE-420A-95F0-DA3FCD5FC571}
	EndGlobalSection
EndGlobal
